{
  "object": {
    "pins": [
      {
        "package": "GoogleMaps",
        "repositoryURL": "https://github.com/YAtechnologies/GoogleMaps-SP",
        "state": {
          "branch": null,
          "revision": "0e4d95a5844c2a40381bf659fff84cf66699e17b",
          "version": "6.0.0"
        }
      }
    ]
  },
  "version": 1
}
